
Microsoft Visual Studio Solution File, Format Version 12.00
Project("{FAE04EC0-301F-11D3-BF4B-00C04F79EFBC}") = "NorthAPI", "NorthAPI\NorthAPI.csproj", "{73DD6C2F-AA04-4AFA-A2E2-3DBD5EBC8330}"
EndProject
Global
	GlobalSection(SolutionConfigurationPlatforms) = preSolution
		Debug|Any CPU = Debug|Any CPU
		Release|Any CPU = Release|Any CPU
	EndGlobalSection
	GlobalSection(ProjectConfigurationPlatforms) = postSolution
		{73DD6C2F-AA04-4AFA-A2E2-3DBD5EBC8330}.Debug|Any CPU.ActiveCfg = Debug|Any CPU
		{73DD6C2F-AA04-4AFA-A2E2-3DBD5EBC8330}.Debug|Any CPU.Build.0 = Debug|Any CPU
		{73DD6C2F-AA04-4AFA-A2E2-3DBD5EBC8330}.Release|Any CPU.ActiveCfg = Release|Any CPU
		{73DD6C2F-AA04-4AFA-A2E2-3DBD5EBC8330}.Release|Any CPU.Build.0 = Release|Any CPU
	EndGlobalSection
EndGlobal
